
Microsoft Visual Studio Solution File, Format Version 12.00
# Visual Studio Express 2012 for Windows Desktop
Project("{FAE04EC0-301F-11D3-BF4B-00C04F79EFBC}") = "Chapper", "ChApper\Chapper.csproj", "{84525501-A587-4905-831F-60964DF5AA6F}"
EndProject
Project("{FAE04EC0-301F-11D3-BF4B-00C04F79EFBC}") = "UpdateCheck", "UpdateCheck\UpdateCheck.csproj", "{F697B391-F67E-436A-8E5D-615B9CC80487}"
EndProject
Project("{FAE04EC0-301F-11D3-BF4B-00C04F79EFBC}") = "SnarlConnector", "SnarlConnector\SnarlConnector.csproj", "{334A5ADB-417B-40BD-8A3A-478CBA554A2F}"
EndProject
Global
	GlobalSection(SolutionConfigurationPlatforms) = preSolution
		Debug|Any CPU = Debug|Any CPU
		Release|Any CPU = Release|Any CPU
	EndGlobalSection
	GlobalSection(ProjectConfigurationPlatforms) = postSolution
		{84525501-A587-4905-831F-60964DF5AA6F}.Debug|Any CPU.ActiveCfg = Debug|Any CPU
		{84525501-A587-4905-831F-60964DF5AA6F}.Debug|Any CPU.Build.0 = Debug|Any CPU
		{84525501-A587-4905-831F-60964DF5AA6F}.Release|Any CPU.ActiveCfg = Release|Any CPU
		{84525501-A587-4905-831F-60964DF5AA6F}.Release|Any CPU.Build.0 = Release|Any CPU
		{F697B391-F67E-436A-8E5D-615B9CC80487}.Debug|Any CPU.ActiveCfg = Debug|Any CPU
		{F697B391-F67E-436A-8E5D-615B9CC80487}.Debug|Any CPU.Build.0 = Debug|Any CPU
		{F697B391-F67E-436A-8E5D-615B9CC80487}.Release|Any CPU.ActiveCfg = Release|Any CPU
		{F697B391-F67E-436A-8E5D-615B9CC80487}.Release|Any CPU.Build.0 = Release|Any CPU
		{334A5ADB-417B-40BD-8A3A-478CBA554A2F}.Debug|Any CPU.ActiveCfg = Debug|Any CPU
		{334A5ADB-417B-40BD-8A3A-478CBA554A2F}.Debug|Any CPU.Build.0 = Debug|Any CPU
		{334A5ADB-417B-40BD-8A3A-478CBA554A2F}.Release|Any CPU.ActiveCfg = Release|Any CPU
		{334A5ADB-417B-40BD-8A3A-478CBA554A2F}.Release|Any CPU.Build.0 = Release|Any CPU
	EndGlobalSection
	GlobalSection(SolutionProperties) = preSolution
		HideSolutionNode = FALSE
	EndGlobalSection
EndGlobal
